
Microsoft Visual Studio Solution File, Format Version 12.00
# Visual Studio 15
VisualStudioVersion = 15.0.27130.2027
MinimumVisualStudioVersion = 10.0.40219.1
Project("{FAE04EC0-301F-11D3-BF4B-00C04F79EFBC}") = "IsTakip.Android", "IsTakip\IsTakip.Android\IsTakip.Android.csproj", "{DA0458D5-4D35-4022-85C9-633CA7582531}"
EndProject
Project("{FAE04EC0-301F-11D3-BF4B-00C04F79EFBC}") = "IsTakip.iOS", "IsTakip\IsTakip.iOS\IsTakip.iOS.csproj", "{9C984E4B-4DD7-4005-80D7-755FA8864417}"
EndProject
Project("{FAE04EC0-301F-11D3-BF4B-00C04F79EFBC}") = "IsTakip.UWP", "IsTakip\IsTakip.UWP\IsTakip.UWP.csproj", "{E3F7D7D0-7DA9-4659-AF57-EECF1DD040A1}"
EndProject
Project("{D954291E-2A0B-460D-934E-DC6B0785DB48}") = "IsTakip", "IsTakip\IsTakip\IsTakip.shproj", "{889E4923-99E0-4CC8-AEE8-2A7B86017B3C}"
EndProject
Global
	GlobalSection(SharedMSBuildProjectFiles) = preSolution
		IsTakip\IsTakip\IsTakip.projitems*{889e4923-99e0-4cc8-aee8-2a7b86017b3c}*SharedItemsImports = 13
		IsTakip\IsTakip\IsTakip.projitems*{9c984e4b-4dd7-4005-80d7-755fa8864417}*SharedItemsImports = 4
		IsTakip\IsTakip\IsTakip.projitems*{da0458d5-4d35-4022-85c9-633ca7582531}*SharedItemsImports = 4
		IsTakip\IsTakip\IsTakip.projitems*{e3f7d7d0-7da9-4659-af57-eecf1dd040a1}*SharedItemsImports = 4
	EndGlobalSection
	GlobalSection(SolutionConfigurationPlatforms) = preSolution
		Ad-Hoc|Any CPU = Ad-Hoc|Any CPU
		Ad-Hoc|ARM = Ad-Hoc|ARM
		Ad-Hoc|iPhone = Ad-Hoc|iPhone
		Ad-Hoc|iPhoneSimulator = Ad-Hoc|iPhoneSimulator
		Ad-Hoc|x64 = Ad-Hoc|x64
		Ad-Hoc|x86 = Ad-Hoc|x86
		AppStore|Any CPU = AppStore|Any CPU
		AppStore|ARM = AppStore|ARM
		AppStore|iPhone = AppStore|iPhone
		AppStore|iPhoneSimulator = AppStore|iPhoneSimulator
		AppStore|x64 = AppStore|x64
		AppStore|x86 = AppStore|x86
		Debug|Any CPU = Debug|Any CPU
		Debug|ARM = Debug|ARM
		Debug|iPhone = Debug|iPhone
		Debug|iPhoneSimulator = Debug|iPhoneSimulator
		Debug|x64 = Debug|x64
		Debug|x86 = Debug|x86
		Release|Any CPU = Release|Any CPU
		Release|ARM = Release|ARM
		Release|iPhone = Release|iPhone
		Release|iPhoneSimulator = Release|iPhoneSimulator
		Release|x64 = Release|x64
		Release|x86 = Release|x86
	EndGlobalSection
	GlobalSection(ProjectConfigurationPlatforms) = postSolution
		{DA0458D5-4D35-4022-85C9-633CA7582531}.Ad-Hoc|Any CPU.ActiveCfg = Release|Any CPU
		{DA0458D5-4D35-4022-85C9-633CA7582531}.Ad-Hoc|Any CPU.Build.0 = Release|Any CPU
		{DA0458D5-4D35-4022-85C9-633CA7582531}.Ad-Hoc|Any CPU.Deploy.0 = Release|Any CPU
		{DA0458D5-4D35-4022-85C9-633CA7582531}.Ad-Hoc|ARM.ActiveCfg = Release|Any CPU
		{DA0458D5-4D35-4022-85C9-633CA7582531}.Ad-Hoc|ARM.Build.0 = Release|Any CPU
		{DA0458D5-4D35-4022-85C9-633CA7582531}.Ad-Hoc|ARM.Deploy.0 = Release|Any CPU
		{DA0458D5-4D35-4022-85C9-633CA7582531}.Ad-Hoc|iPhone.ActiveCfg = Release|Any CPU
		{DA0458D5-4D35-4022-85C9-633CA7582531}.Ad-Hoc|iPhone.Build.0 = Release|Any CPU
		{DA0458D5-4D35-4022-85C9-633CA7582531}.Ad-Hoc|iPhone.Deploy.0 = Release|Any CPU
		{DA0458D5-4D35-4022-85C9-633CA7582531}.Ad-Hoc|iPhoneSimulator.ActiveCfg = Release|Any CPU
		{DA0458D5-4D35-4022-85C9-633CA7582531}.Ad-Hoc|iPhoneSimulator.Build.0 = Release|Any CPU
		{DA0458D5-4D35-4022-85C9-633CA7582531}.Ad-Hoc|iPhoneSimulator.Deploy.0 = Release|Any CPU
		{DA0458D5-4D35-4022-85C9-633CA7582531}.Ad-Hoc|x64.ActiveCfg = Release|Any CPU
		{DA0458D5-4D35-4022-85C9-633CA7582531}.Ad-Hoc|x64.Build.0 = Release|Any CPU
		{DA0458D5-4D35-4022-85C9-633CA7582531}.Ad-Hoc|x64.Deploy.0 = Release|Any CPU
		{DA0458D5-4D35-4022-85C9-633CA7582531}.Ad-Hoc|x86.ActiveCfg = Release|Any CPU
		{DA0458D5-4D35-4022-85C9-633CA7582531}.Ad-Hoc|x86.Build.0 = Release|Any CPU
		{DA0458D5-4D35-4022-85C9-633CA7582531}.Ad-Hoc|x86.Deploy.0 = Release|Any CPU
		{DA0458D5-4D35-4022-85C9-633CA7582531}.AppStore|Any CPU.ActiveCfg = Release|Any CPU
		{DA0458D5-4D35-4022-85C9-633CA7582531}.AppStore|Any CPU.Build.0 = Release|Any CPU
		{DA0458D5-4D35-4022-85C9-633CA7582531}.AppStore|Any CPU.Deploy.0 = Release|Any CPU
		{DA0458D5-4D35-4022-85C9-633CA7582531}.AppStore|ARM.ActiveCfg = Release|Any CPU
		{DA0458D5-4D35-4022-85C9-633CA7582531}.AppStore|ARM.Build.0 = Release|Any CPU
		{DA0458D5-4D35-4022-85C9-633CA7582531}.AppStore|ARM.Deploy.0 = Release|Any CPU
		{DA0458D5-4D35-4022-85C9-633CA7582531}.AppStore|iPhone.ActiveCfg = Release|Any CPU
		{DA0458D5-4D35-4022-85C9-633CA7582531}.AppStore|iPhone.Build.0 = Release|Any CPU
		{DA0458D5-4D35-4022-85C9-633CA7582531}.AppStore|iPhone.Deploy.0 = Release|Any CPU
		{DA0458D5-4D35-4022-85C9-633CA7582531}.AppStore|iPhoneSimulator.ActiveCfg = Release|Any CPU
		{DA0458D5-4D35-4022-85C9-633CA7582531}.AppStore|iPhoneSimulator.Build.0 = Release|Any CPU
		{DA0458D5-4D35-4022-85C9-633CA7582531}.AppStore|iPhoneSimulator.Deploy.0 = Release|Any CPU
		{DA0458D5-4D35-4022-85C9-633CA7582531}.AppStore|x64.ActiveCfg = Release|Any CPU
		{DA0458D5-4D35-4022-85C9-633CA7582531}.AppStore|x64.Build.0 = Release|Any CPU
		{DA0458D5-4D35-4022-85C9-633CA7582531}.AppStore|x64.Deploy.0 = Release|Any CPU
		{DA0458D5-4D35-4022-85C9-633CA7582531}.AppStore|x86.ActiveCfg = Release|Any CPU
		{DA0458D5-4D35-4022-85C9-633CA7582531}.AppStore|x86.Build.0 = Release|Any CPU
		{DA0458D5-4D35-4022-85C9-633CA7582531}.AppStore|x86.Deploy.0 = Release|Any CPU
		{DA0458D5-4D35-4022-85C9-633CA7582531}.Debug|Any CPU.ActiveCfg = Debug|Any CPU
		{DA0458D5-4D35-4022-85C9-633CA7582531}.Debug|Any CPU.Build.0 = Debug|Any CPU
		{DA0458D5-4D35-4022-85C9-633CA7582531}.Debug|Any CPU.Deploy.0 = Debug|Any CPU
		{DA0458D5-4D35-4022-85C9-633CA7582531}.Debug|ARM.ActiveCfg = Debug|Any CPU
		{DA0458D5-4D35-4022-85C9-633CA7582531}.Debug|ARM.Build.0 = Debug|Any CPU
		{DA0458D5-4D35-4022-85C9-633CA7582531}.Debug|ARM.Deploy.0 = Debug|Any CPU
		{DA0458D5-4D35-4022-85C9-633CA7582531}.Debug|iPhone.ActiveCfg = Debug|Any CPU
		{DA0458D5-4D35-4022-85C9-633CA7582531}.Debug|iPhone.Build.0 = Debug|Any CPU
		{DA0458D5-4D35-4022-85C9-633CA7582531}.Debug|iPhone.Deploy.0 = Debug|Any CPU
		{DA0458D5-4D35-4022-85C9-633CA7582531}.Debug|iPhoneSimulator.ActiveCfg = Debug|Any CPU
		{DA0458D5-4D35-4022-85C9-633CA7582531}.Debug|iPhoneSimulator.Build.0 = Debug|Any CPU
		{DA0458D5-4D35-4022-85C9-633CA7582531}.Debug|iPhoneSimulator.Deploy.0 = Debug|Any CPU
		{DA0458D5-4D35-4022-85C9-633CA7582531}.Debug|x64.ActiveCfg = Debug|Any CPU
		{DA0458D5-4D35-4022-85C9-633CA7582531}.Debug|x64.Build.0 = Debug|Any CPU
		{DA0458D5-4D35-4022-85C9-633CA7582531}.Debug|x64.Deploy.0 = Debug|Any CPU
		{DA0458D5-4D35-4022-85C9-633CA7582531}.Debug|x86.ActiveCfg = Debug|Any CPU
		{DA0458D5-4D35-4022-85C9-633CA7582531}.Debug|x86.Build.0 = Debug|Any CPU
		{DA0458D5-4D35-4022-85C9-633CA7582531}.Debug|x86.Deploy.0 = Debug|Any CPU
		{DA0458D5-4D35-4022-85C9-633CA7582531}.Release|Any CPU.ActiveCfg = Release|Any CPU
		{DA0458D5-4D35-4022-85C9-633CA7582531}.Release|Any CPU.Build.0 = Release|Any CPU
		{DA0458D5-4D35-4022-85C9-633CA7582531}.Release|Any CPU.Deploy.0 = Release|Any CPU
		{DA0458D5-4D35-4022-85C9-633CA7582531}.Release|ARM.ActiveCfg = Release|Any CPU
		{DA0458D5-4D35-4022-85C9-633CA7582531}.Release|ARM.Build.0 = Release|Any CPU
		{DA0458D5-4D35-4022-85C9-633CA7582531}.Release|ARM.Deploy.0 = Release|Any CPU
		{DA0458D5-4D35-4022-85C9-633CA7582531}.Release|iPhone.ActiveCfg = Release|Any CPU
		{DA0458D5-4D35-4022-85C9-633CA7582531}.Release|iPhone.Build.0 = Release|Any CPU
		{DA0458D5-4D35-4022-85C9-633CA7582531}.Release|iPhone.Deploy.0 = Release|Any CPU
		{DA0458D5-4D35-4022-85C9-633CA7582531}.Release|iPhoneSimulator.ActiveCfg = Release|Any CPU
		{DA0458D5-4D35-4022-85C9-633CA7582531}.Release|iPhoneSimulator.Build.0 = Release|Any CPU
		{DA0458D5-4D35-4022-85C9-633CA7582531}.Release|iPhoneSimulator.Deploy.0 = Release|Any CPU
		{DA0458D5-4D35-4022-85C9-633CA7582531}.Release|x64.ActiveCfg = Release|Any CPU
		{DA0458D5-4D35-4022-85C9-633CA7582531}.Release|x64.Build.0 = Release|Any CPU
		{DA0458D5-4D35-4022-85C9-633CA7582531}.Release|x64.Deploy.0 = Release|Any CPU
		{DA0458D5-4D35-4022-85C9-633CA7582531}.Release|x86.ActiveCfg = Release|Any CPU
		{DA0458D5-4D35-4022-85C9-633CA7582531}.Release|x86.Build.0 = Release|Any CPU
		{DA0458D5-4D35-4022-85C9-633CA7582531}.Release|x86.Deploy.0 = Release|Any CPU
		{9C984E4B-4DD7-4005-80D7-755FA8864417}.Ad-Hoc|Any CPU.ActiveCfg = Ad-Hoc|iPhone
		{9C984E4B-4DD7-4005-80D7-755FA8864417}.Ad-Hoc|ARM.ActiveCfg = Ad-Hoc|iPhone
		{9C984E4B-4DD7-4005-80D7-755FA8864417}.Ad-Hoc|iPhone.ActiveCfg = Ad-Hoc|iPhone
		{9C984E4B-4DD7-4005-80D7-755FA8864417}.Ad-Hoc|iPhone.Build.0 = Ad-Hoc|iPhone
		{9C984E4B-4DD7-4005-80D7-755FA8864417}.Ad-Hoc|iPhoneSimulator.ActiveCfg = Ad-Hoc|iPhoneSimulator
		{9C984E4B-4DD7-4005-80D7-755FA8864417}.Ad-Hoc|iPhoneSimulator.Build.0 = Ad-Hoc|iPhoneSimulator
		{9C984E4B-4DD7-4005-80D7-755FA8864417}.Ad-Hoc|x64.ActiveCfg = Ad-Hoc|iPhone
		{9C984E4B-4DD7-4005-80D7-755FA8864417}.Ad-Hoc|x86.ActiveCfg = Ad-Hoc|iPhone
		{9C984E4B-4DD7-4005-80D7-755FA8864417}.AppStore|Any CPU.ActiveCfg = AppStore|iPhone
		{9C984E4B-4DD7-4005-80D7-755FA8864417}.AppStore|ARM.ActiveCfg = AppStore|iPhone
		{9C984E4B-4DD7-4005-80D7-755FA8864417}.AppStore|iPhone.ActiveCfg = AppStore|iPhone
		{9C984E4B-4DD7-4005-80D7-755FA8864417}.AppStore|iPhone.Build.0 = AppStore|iPhone
		{9C984E4B-4DD7-4005-80D7-755FA8864417}.AppStore|iPhoneSimulator.ActiveCfg = AppStore|iPhoneSimulator
		{9C984E4B-4DD7-4005-80D7-755FA8864417}.AppStore|iPhoneSimulator.Build.0 = AppStore|iPhoneSimulator
		{9C984E4B-4DD7-4005-80D7-755FA8864417}.AppStore|x64.ActiveCfg = AppStore|iPhone
		{9C984E4B-4DD7-4005-80D7-755FA8864417}.AppStore|x86.ActiveCfg = AppStore|iPhone
		{9C984E4B-4DD7-4005-80D7-755FA8864417}.Debug|Any CPU.ActiveCfg = Debug|iPhone
		{9C984E4B-4DD7-4005-80D7-755FA8864417}.Debug|ARM.ActiveCfg = Debug|iPhone
		{9C984E4B-4DD7-4005-80D7-755FA8864417}.Debug|iPhone.ActiveCfg = Debug|iPhone
		{9C984E4B-4DD7-4005-80D7-755FA8864417}.Debug|iPhone.Build.0 = Debug|iPhone
		{9C984E4B-4DD7-4005-80D7-755FA8864417}.Debug|iPhoneSimulator.ActiveCfg = Debug|iPhoneSimulator
		{9C984E4B-4DD7-4005-80D7-755FA8864417}.Debug|iPhoneSimulator.Build.0 = Debug|iPhoneSimulator
		{9C984E4B-4DD7-4005-80D7-755FA8864417}.Debug|x64.ActiveCfg = Debug|iPhone
		{9C984E4B-4DD7-4005-80D7-755FA8864417}.Debug|x86.ActiveCfg = Debug|iPhone
		{9C984E4B-4DD7-4005-80D7-755FA8864417}.Release|Any CPU.ActiveCfg = Release|iPhone
		{9C984E4B-4DD7-4005-80D7-755FA8864417}.Release|ARM.ActiveCfg = Release|iPhone
		{9C984E4B-4DD7-4005-80D7-755FA8864417}.Release|iPhone.ActiveCfg = Release|iPhone
		{9C984E4B-4DD7-4005-80D7-755FA8864417}.Release|iPhone.Build.0 = Release|iPhone
		{9C984E4B-4DD7-4005-80D7-755FA8864417}.Release|iPhoneSimulator.ActiveCfg = Release|iPhoneSimulator
		{9C984E4B-4DD7-4005-80D7-755FA8864417}.Release|iPhoneSimulator.Build.0 = Release|iPhoneSimulator
		{9C984E4B-4DD7-4005-80D7-755FA8864417}.Release|x64.ActiveCfg = Release|iPhone
		{9C984E4B-4DD7-4005-80D7-755FA8864417}.Release|x86.ActiveCfg = Release|iPhone
		{E3F7D7D0-7DA9-4659-AF57-EECF1DD040A1}.Ad-Hoc|Any CPU.ActiveCfg = Release|x86
		{E3F7D7D0-7DA9-4659-AF57-EECF1DD040A1}.Ad-Hoc|Any CPU.Build.0 = Release|x86
		{E3F7D7D0-7DA9-4659-AF57-EECF1DD040A1}.Ad-Hoc|Any CPU.Deploy.0 = Release|x86
		{E3F7D7D0-7DA9-4659-AF57-EECF1DD040A1}.Ad-Hoc|ARM.ActiveCfg = Release|ARM
		{E3F7D7D0-7DA9-4659-AF57-EECF1DD040A1}.Ad-Hoc|ARM.Build.0 = Release|ARM
		{E3F7D7D0-7DA9-4659-AF57-EECF1DD040A1}.Ad-Hoc|ARM.Deploy.0 = Release|ARM
		{E3F7D7D0-7DA9-4659-AF57-EECF1DD040A1}.Ad-Hoc|iPhone.ActiveCfg = Release|x86
		{E3F7D7D0-7DA9-4659-AF57-EECF1DD040A1}.Ad-Hoc|iPhone.Build.0 = Release|x86
		{E3F7D7D0-7DA9-4659-AF57-EECF1DD040A1}.Ad-Hoc|iPhone.Deploy.0 = Release|x86
		{E3F7D7D0-7DA9-4659-AF57-EECF1DD040A1}.Ad-Hoc|iPhoneSimulator.ActiveCfg = Release|x86
		{E3F7D7D0-7DA9-4659-AF57-EECF1DD040A1}.Ad-Hoc|iPhoneSimulator.Build.0 = Release|x86
		{E3F7D7D0-7DA9-4659-AF57-EECF1DD040A1}.Ad-Hoc|iPhoneSimulator.Deploy.0 = Release|x86
		{E3F7D7D0-7DA9-4659-AF57-EECF1DD040A1}.Ad-Hoc|x64.ActiveCfg = Release|x64
		{E3F7D7D0-7DA9-4659-AF57-EECF1DD040A1}.Ad-Hoc|x64.Build.0 = Release|x64
		{E3F7D7D0-7DA9-4659-AF57-EECF1DD040A1}.Ad-Hoc|x64.Deploy.0 = Release|x64
		{E3F7D7D0-7DA9-4659-AF57-EECF1DD040A1}.Ad-Hoc|x86.ActiveCfg = Release|x86
		{E3F7D7D0-7DA9-4659-AF57-EECF1DD040A1}.Ad-Hoc|x86.Build.0 = Release|x86
		{E3F7D7D0-7DA9-4659-AF57-EECF1DD040A1}.Ad-Hoc|x86.Deploy.0 = Release|x86
		{E3F7D7D0-7DA9-4659-AF57-EECF1DD040A1}.AppStore|Any CPU.ActiveCfg = Release|x86
		{E3F7D7D0-7DA9-4659-AF57-EECF1DD040A1}.AppStore|Any CPU.Build.0 = Release|x86
		{E3F7D7D0-7DA9-4659-AF57-EECF1DD040A1}.AppStore|Any CPU.Deploy.0 = Release|x86
		{E3F7D7D0-7DA9-4659-AF57-EECF1DD040A1}.AppStore|ARM.ActiveCfg = Release|ARM
		{E3F7D7D0-7DA9-4659-AF57-EECF1DD040A1}.AppStore|ARM.Build.0 = Release|ARM
		{E3F7D7D0-7DA9-4659-AF57-EECF1DD040A1}.AppStore|ARM.Deploy.0 = Release|ARM
		{E3F7D7D0-7DA9-4659-AF57-EECF1DD040A1}.AppStore|iPhone.ActiveCfg = Release|x86
		{E3F7D7D0-7DA9-4659-AF57-EECF1DD040A1}.AppStore|iPhone.Build.0 = Release|x86
		{E3F7D7D0-7DA9-4659-AF57-EECF1DD040A1}.AppStore|iPhone.Deploy.0 = Release|x86
		{E3F7D7D0-7DA9-4659-AF57-EECF1DD040A1}.AppStore|iPhoneSimulator.ActiveCfg = Release|x86
		{E3F7D7D0-7DA9-4659-AF57-EECF1DD040A1}.AppStore|iPhoneSimulator.Build.0 = Release|x86
		{E3F7D7D0-7DA9-4659-AF57-EECF1DD040A1}.AppStore|iPhoneSimulator.Deploy.0 = Release|x86
		{E3F7D7D0-7DA9-4659-AF57-EECF1DD040A1}.AppStore|x64.ActiveCfg = Release|x64
		{E3F7D7D0-7DA9-4659-AF57-EECF1DD040A1}.AppStore|x64.Build.0 = Release|x64
		{E3F7D7D0-7DA9-4659-AF57-EECF1DD040A1}.AppStore|x64.Deploy.0 = Release|x64
		{E3F7D7D0-7DA9-4659-AF57-EECF1DD040A1}.AppStore|x86.ActiveCfg = Release|x86
		{E3F7D7D0-7DA9-4659-AF57-EECF1DD040A1}.AppStore|x86.Build.0 = Release|x86
		{E3F7D7D0-7DA9-4659-AF57-EECF1DD040A1}.AppStore|x86.Deploy.0 = Release|x86
		{E3F7D7D0-7DA9-4659-AF57-EECF1DD040A1}.Debug|Any CPU.ActiveCfg = Debug|x86
		{E3F7D7D0-7DA9-4659-AF57-EECF1DD040A1}.Debug|ARM.ActiveCfg = Debug|ARM
		{E3F7D7D0-7DA9-4659-AF57-EECF1DD040A1}.Debug|ARM.Build.0 = Debug|ARM
		{E3F7D7D0-7DA9-4659-AF57-EECF1DD040A1}.Debug|ARM.Deploy.0 = Debug|ARM
		{E3F7D7D0-7DA9-4659-AF57-EECF1DD040A1}.Debug|iPhone.ActiveCfg = Debug|x86
		{E3F7D7D0-7DA9-4659-AF57-EECF1DD040A1}.Debug|iPhoneSimulator.ActiveCfg = Debug|x86
		{E3F7D7D0-7DA9-4659-AF57-EECF1DD040A1}.Debug|x64.ActiveCfg = Debug|x64
		{E3F7D7D0-7DA9-4659-AF57-EECF1DD040A1}.Debug|x64.Build.0 = Debug|x64
		{E3F7D7D0-7DA9-4659-AF57-EECF1DD040A1}.Debug|x64.Deploy.0 = Debug|x64
		{E3F7D7D0-7DA9-4659-AF57-EECF1DD040A1}.Debug|x86.ActiveCfg = Debug|x86
		{E3F7D7D0-7DA9-4659-AF57-EECF1DD040A1}.Debug|x86.Build.0 = Debug|x86
		{E3F7D7D0-7DA9-4659-AF57-EECF1DD040A1}.Debug|x86.Deploy.0 = Debug|x86
		{E3F7D7D0-7DA9-4659-AF57-EECF1DD040A1}.Release|Any CPU.ActiveCfg = Release|x86
		{E3F7D7D0-7DA9-4659-AF57-EECF1DD040A1}.Release|ARM.ActiveCfg = Release|ARM
		{E3F7D7D0-7DA9-4659-AF57-EECF1DD040A1}.Release|ARM.Build.0 = Release|ARM
		{E3F7D7D0-7DA9-4659-AF57-EECF1DD040A1}.Release|ARM.Deploy.0 = Release|ARM
		{E3F7D7D0-7DA9-4659-AF57-EECF1DD040A1}.Release|iPhone.ActiveCfg = Release|x86
		{E3F7D7D0-7DA9-4659-AF57-EECF1DD040A1}.Release|iPhoneSimulator.ActiveCfg = Release|x86
		{E3F7D7D0-7DA9-4659-AF57-EECF1DD040A1}.Release|x64.ActiveCfg = Release|x64
		{E3F7D7D0-7DA9-4659-AF57-EECF1DD040A1}.Release|x64.Build.0 = Release|x64
		{E3F7D7D0-7DA9-4659-AF57-EECF1DD040A1}.Release|x64.Deploy.0 = Release|x64
		{E3F7D7D0-7DA9-4659-AF57-EECF1DD040A1}.Release|x86.ActiveCfg = Release|x86
		{E3F7D7D0-7DA9-4659-AF57-EECF1DD040A1}.Release|x86.Build.0 = Release|x86
		{E3F7D7D0-7DA9-4659-AF57-EECF1DD040A1}.Release|x86.Deploy.0 = Release|x86
	EndGlobalSection
	GlobalSection(SolutionProperties) = preSolution
		HideSolutionNode = FALSE
	EndGlobalSection
	GlobalSection(ExtensibilityGlobals) = postSolution
		SolutionGuid = {6227A50E-0484-4BB8-8BF3-9180D9633485}
	EndGlobalSection
EndGlobal
